// !$*UTF8*$!
{
	archiveVersion = 1;
	classes = {
	};
	objectVersion = 56;
	objects = {

/* Begin PBXBuildFile section */
		B46933C12D80A50500687709 /* Mateo_App_examen_DINTApp.swift in Sources */ = {isa = PBXBuildFile; fileRef = B46933C02D80A50500687709 /* Mateo_App_examen_DINTApp.swift */; };
		B46933C32D80A50500687709 /* ContentView.swift in Sources */ = {isa = PBXBuildFile; fileRef = B46933C22D80A50500687709 /* ContentView.swift */; };
		B46933C52D80A50600687709 /* Assets.xcassets in Resources */ = {isa = PBXBuildFile; fileRef = B46933C42D80A50600687709 /* Assets.xcassets */; };
		B46933C92D80A50600687709 /* Preview Assets.xcassets in Resources */ = {isa = PBXBuildFile; fileRef = B46933C82D80A50600687709 /* Preview Assets.xcassets */; };
		B46933D32D80A50600687709 /* Mateo_App_examen_DINTTests.swift in Sources */ = {isa = PBXBuildFile; fileRef = B46933D22D80A50600687709 /* Mateo_App_examen_DINTTests.swift */; };
		B46933DD2D80A50600687709 /* Mateo_App_examen_DINTUITests.swift in Sources */ = {isa = PBXBuildFile; fileRef = B46933DC2D80A50600687709 /* Mateo_App_examen_DINTUITests.swift */; };
		B46933DF2D80A50600687709 /* Mateo_App_examen_DINTUITestsLaunchTests.swift in Sources */ = {isa = PBXBuildFile; fileRef = B46933DE2D80A50600687709 /* Mateo_App_examen_DINTUITestsLaunchTests.swift */; };
/* End PBXBuildFile section */

/* Begin PBXContainerItemProxy section */
		B46933CF2D80A50600687709 /* PBXContainerItemProxy */ = {
			isa = PBXContainerItemProxy;
			containerPortal = B46933B52D80A50500687709 /* Project object */;
			proxyType = 1;
			remoteGlobalIDString = B46933BC2D80A50500687709;
			remoteInfo = Mateo_App_examen_DINT;
		};
		B46933D92D80A50600687709 /* PBXContainerItemProxy */ = {
			isa = PBXContainerItemProxy;
			containerPortal = B46933B52D80A50500687709 /* Project object */;
			proxyType = 1;
			remoteGlobalIDString = B46933BC2D80A50500687709;
			remoteInfo = Mateo_App_examen_DINT;
		};
/* End PBXContainerItemProxy section */

/* Begin PBXFileReference section */
		B46933BD2D80A50500687709 /* Mateo_App_examen_DINT.app */ = {isa = PBXFileReference; explicitFileType = wrapper.application; includeInIndex = 0; path = Mateo_App_examen_DINT.app; sourceTree = BUILT_PRODUCTS_DIR; };
		B46933C02D80A50500687709 /* Mateo_App_examen_DINTApp.swift */ = {isa = PBXFileReference; lastKnownFileType = sourcecode.swift; path = Mateo_App_examen_DINTApp.swift; sourceTree = "<group>"; };
		B46933C22D80A50500687709 /* ContentView.swift */ = {isa = PBXFileReference; lastKnownFileType = sourcecode.swift; path = ContentView.swift; sourceTree = "<group>"; };
		B46933C42D80A50600687709 /* Assets.xcassets */ = {isa = PBXFileReference; lastKnownFileType = folder.assetcatalog; path = Assets.xcassets; sourceTree = "<group>"; };
		B46933C62D80A50600687709 /* Mateo_App_examen_DINT.entitlements */ = {isa = PBXFileReference; lastKnownFileType = text.plist.entitlements; path = Mateo_App_examen_DINT.entitlements; sourceTree = "<group>"; };
		B46933C82D80A50600687709 /* Preview Assets.xcassets */ = {isa = PBXFileReference; lastKnownFileType = folder.assetcatalog; path = "Preview Assets.xcassets"; sourceTree = "<group>"; };
		B46933CE2D80A50600687709 /* Mateo_App_examen_DINTTests.xctest */ = {isa = PBXFileReference; explicitFileType = wrapper.cfbundle; includeInIndex = 0; path = Mateo_App_examen_DINTTests.xctest; sourceTree = BUILT_PRODUCTS_DIR; };
		B46933D22D80A50600687709 /* Mateo_App_examen_DINTTests.swift */ = {isa = PBXFileReference; lastKnownFileType = sourcecode.swift; path = Mateo_App_examen_DINTTests.swift; sourceTree = "<group>"; };
		B46933D82D80A50600687709 /* Mateo_App_examen_DINTUITests.xctest */ = {isa = PBXFileReference; explicitFileType = wrapper.cfbundle; includeInIndex = 0; path = Mateo_App_examen_DINTUITests.xctest; sourceTree = BUILT_PRODUCTS_DIR; };
		B46933DC2D80A50600687709 /* Mateo_App_examen_DINTUITests.swift */ = {isa = PBXFileReference; lastKnownFileType = sourcecode.swift; path = Mateo_App_examen_DINTUITests.swift; sourceTree = "<group>"; };
		B46933DE2D80A50600687709 /* Mateo_App_examen_DINTUITestsLaunchTests.swift */ = {isa = PBXFileReference; lastKnownFileType = sourcecode.swift; path = Mateo_App_examen_DINTUITestsLaunchTests.swift; sourceTree = "<group>"; };
/* End PBXFileReference section */

/* Begin PBXFrameworksBuildPhase section */
		B46933BA2D80A50500687709 /* Frameworks */ = {
			isa = PBXFrameworksBuildPhase;
			buildActionMask = 2147483647;
			files = (
			);
			runOnlyForDeploymentPostprocessing = 0;
		};
		B46933CB2D80A50600687709 /* Frameworks */ = {
			isa = PBXFrameworksBuildPhase;
			buildActionMask = 2147483647;
			files = (
			);
			runOnlyForDeploymentPostprocessing = 0;
		};
		B46933D52D80A50600687709 /* Frameworks */ = {
			isa = PBXFrameworksBuildPhase;
			buildActionMask = 2147483647;
			files = (
			);
			runOnlyForDeploymentPostprocessing = 0;
		};
/* End PBXFrameworksBuildPhase section */

/* Begin PBXGroup section */
		B46933B42D80A50500687709 = {
			isa = PBXGroup;
			children = (
				B46933BF2D80A50500687709 /* Mateo_App_examen_DINT */,
				B46933D12D80A50600687709 /* Mateo_App_examen_DINTTests */,
				B46933DB2D80A50600687709 /* Mateo_App_examen_DINTUITests */,
				B46933BE2D80A50500687709 /* Products */,
			);
			sourceTree = "<group>";
		};
		B46933BE2D80A50500687709 /* Products */ = {
			isa = PBXGroup;
			children = (
				B46933BD2D80A50500687709 /* Mateo_App_examen_DINT.app */,
				B46933CE2D80A50600687709 /* Mateo_App_examen_DINTTests.xctest */,
				B46933D82D80A50600687709 /* Mateo_App_examen_DINTUITests.xctest */,
			);
			name = Products;
			sourceTree = "<group>";
		};
		B46933BF2D80A50500687709 /* Mateo_App_examen_DINT */ = {
			isa = PBXGroup;
			children = (
				B46933C02D80A50500687709 /* Mateo_App_examen_DINTApp.swift */,
				B46933C22D80A50500687709 /* ContentView.swift */,
				B46933C42D80A50600687709 /* Assets.xcassets */,
				B46933C62D80A50600687709 /* Mateo_App_examen_DINT.entitlements */,
				B46933C72D80A50600687709 /* Preview Content */,
			);
			path = Mateo_App_examen_DINT;
			sourceTree = "<group>";
		};
		B46933C72D80A50600687709 /* Preview Content */ = {
			isa = PBXGroup;
			children = (
				B46933C82D80A50600687709 /* Preview Assets.xcassets */,
			);
			path = "Preview Content";
			sourceTree = "<group>";
		};
		B46933D12D80A50600687709 /* Mateo_App_examen_DINTTests */ = {
			isa = PBXGroup;
			children = (
				B46933D22D80A50600687709 /* Mateo_App_examen_DINTTests.swift */,
			);
			path = Mateo_App_examen_DINTTests;
			sourceTree = "<group>";
		};
		B46933DB2D80A50600687709 /* Mateo_App_examen_DINTUITests */ = {
			isa = PBXGroup;
			children = (
				B46933DC2D80A50600687709 /* Mateo_App_examen_DINTUITests.swift */,
				B46933DE2D80A50600687709 /* Mateo_App_examen_DINTUITestsLaunchTests.swift */,
			);
			path = Mateo_App_examen_DINTUITests;
			sourceTree = "<group>";
		};
/* End PBXGroup section */

/* Begin PBXNativeTarget section */
		B46933BC2D80A50500687709 /* Mateo_App_examen_DINT */ = {
			isa = PBXNativeTarget;
			buildConfigurationList = B46933E22D80A50600687709 /* Build configuration list for PBXNativeTarget "Mateo_App_examen_DINT" */;
			buildPhases = (
				B46933B92D80A50500687709 /* Sources */,
				B46933BA2D80A50500687709 /* Frameworks */,
				B46933BB2D80A50500687709 /* Resources */,
			);
			buildRules = (
			);
			dependencies = (
			);
			name = Mateo_App_examen_DINT;
			productName = Mateo_App_examen_DINT;
			productReference = B46933BD2D80A50500687709 /* Mateo_App_examen_DINT.app */;
			productType = "com.apple.product-type.application";
		};
		B46933CD2D80A50600687709 /* Mateo_App_examen_DINTTests */ = {
			isa = PBXNativeTarget;
			buildConfigurationList = B46933E52D80A50600687709 /* Build configuration list for PBXNativeTarget "Mateo_App_examen_DINTTests" */;
			buildPhases = (
				B46933CA2D80A50600687709 /* Sources */,
				B46933CB2D80A50600687709 /* Frameworks */,
				B46933CC2D80A50600687709 /* Resources */,
			);
			buildRules = (
			);
			dependencies = (
				B46933D02D80A50600687709 /* PBXTargetDependency */,
			);
			name = Mateo_App_examen_DINTTests;
			productName = Mateo_App_examen_DINTTests;
			productReference = B46933CE2D80A50600687709 /* Mateo_App_examen_DINTTests.xctest */;
			productType = "com.apple.product-type.bundle.unit-test";
		};
		B46933D72D80A50600687709 /* Mateo_App_examen_DINTUITests */ = {
			isa = PBXNativeTarget;
			buildConfigurationList = B46933E82D80A50600687709 /* Build configuration list for PBXNativeTarget "Mateo_App_examen_DINTUITests" */;
			buildPhases = (
				B46933D42D80A50600687709 /* Sources */,
				B46933D52D80A50600687709 /* Frameworks */,
				B46933D62D80A50600687709 /* Resources */,
			);
			buildRules = (
			);
			dependencies = (
				B46933DA2D80A50600687709 /* PBXTargetDependency */,
			);
			name = Mateo_App_examen_DINTUITests;
			productName = Mateo_App_examen_DINTUITests;
			productReference = B46933D82D80A50600687709 /* Mateo_App_examen_DINTUITests.xctest */;
			productType = "com.apple.product-type.bundle.ui-testing";
		};
/* End PBXNativeTarget section */

/* Begin PBXProject section */
		B46933B52D80A50500687709 /* Project object */ = {
			isa = PBXProject;
			attributes = {
				BuildIndependentTargetsInParallel = 1;
				LastSwiftUpdateCheck = 1520;
				LastUpgradeCheck = 1520;
				TargetAttributes = {
					B46933BC2D80A50500687709 = {
						CreatedOnToolsVersion = 15.2;
					};
					B46933CD2D80A50600687709 = {
						CreatedOnToolsVersion = 15.2;
						TestTargetID = B46933BC2D80A50500687709;
					};
					B46933D72D80A50600687709 = {
						CreatedOnToolsVersion = 15.2;
						TestTargetID = B46933BC2D80A50500687709;
					};
				};
			};
			buildConfigurationList = B46933B82D80A50500687709 /* Build configuration list for PBXProject "Mateo_App_examen_DINT" */;
			compatibilityVersion = "Xcode 14.0";
			developmentRegion = en;
			hasScannedForEncodings = 0;
			knownRegions = (
				en,
				Base,
			);
			mainGroup = B46933B42D80A50500687709;
			productRefGroup = B46933BE2D80A50500687709 /* Products */;
			projectDirPath = "";
			projectRoot = "";
			targets = (
				B46933BC2D80A50500687709 /* Mateo_App_examen_DINT */,
				B46933CD2D80A50600687709 /* Mateo_App_examen_DINTTests */,
				B46933D72D80A50600687709 /* Mateo_App_examen_DINTUITests */,
			);
		};
/* End PBXProject section */

/* Begin PBXResourcesBuildPhase section */
		B46933BB2D80A50500687709 /* Resources */ = {
			isa = PBXResourcesBuildPhase;
			buildActionMask = 2147483647;
			files = (
				B46933C92D80A50600687709 /* Preview Assets.xcassets in Resources */,
				B46933C52D80A50600687709 /* Assets.xcassets in Resources */,
			);
			runOnlyForDeploymentPostprocessing = 0;
		};
		B46933CC2D80A50600687709 /* Resources */ = {
			isa = PBXResourcesBuildPhase;
			buildActionMask = 2147483647;
			files = (
			);
			runOnlyForDeploymentPostprocessing = 0;
		};
		B46933D62D80A50600687709 /* Resources */ = {
			isa = PBXResourcesBuildPhase;
			buildActionMask = 2147483647;
			files = (
			);
			runOnlyForDeploymentPostprocessing = 0;
		};
/* End PBXResourcesBuildPhase section */

/* Begin PBXSourcesBuildPhase section */
		B46933B92D80A50500687709 /* Sources */ = {
			isa = PBXSourcesBuildPhase;
			buildActionMask = 2147483647;
			files = (
				B46933C32D80A50500687709 /* ContentView.swift in Sources */,
				B46933C12D80A50500687709 /* Mateo_App_examen_DINTApp.swift in Sources */,
			);
			runOnlyForDeploymentPostprocessing = 0;
		};
		B46933CA2D80A50600687709 /* Sources */ = {
			isa = PBXSourcesBuildPhase;
			buildActionMask = 2147483647;
			files = (
				B46933D32D80A50600687709 /* Mateo_App_examen_DINTTests.swift in Sources */,
			);
			runOnlyForDeploymentPostprocessing = 0;
		};
		B46933D42D80A50600687709 /* Sources */ = {
			isa = PBXSourcesBuildPhase;
			buildActionMask = 2147483647;
			files = (
				B46933DF2D80A50600687709 /* Mateo_App_examen_DINTUITestsLaunchTests.swift in Sources */,
				B46933DD2D80A50600687709 /* Mateo_App_examen_DINTUITests.swift in Sources */,
			);
			runOnlyForDeploymentPostprocessing = 0;
		};
/* End PBXSourcesBuildPhase section */

/* Begin PBXTargetDependency section */
		B46933D02D80A50600687709 /* PBXTargetDependency */ = {
			isa = PBXTargetDependency;
			target = B46933BC2D80A50500687709 /* Mateo_App_examen_DINT */;
			targetProxy = B46933CF2D80A50600687709 /* PBXContainerItemProxy */;
		};
		B46933DA2D80A50600687709 /* PBXTargetDependency */ = {
			isa = PBXTargetDependency;
			target = B46933BC2D80A50500687709 /* Mateo_App_examen_DINT */;
			targetProxy = B46933D92D80A50600687709 /* PBXContainerItemProxy */;
		};
/* End PBXTargetDependency section */

/* Begin XCBuildConfiguration section */
		B46933E02D80A50600687709 /* Debug */ = {
			isa = XCBuildConfiguration;
			buildSettings = {
				ALWAYS_SEARCH_USER_PATHS = NO;
				ASSETCATALOG_COMPILER_GENERATE_SWIFT_ASSET_SYMBOL_EXTENSIONS = YES;
				CLANG_ANALYZER_NONNULL = YES;
				CLANG_ANALYZER_NUMBER_OBJECT_CONVERSION = YES_AGGRESSIVE;
				CLANG_CXX_LANGUAGE_STANDARD = "gnu++20";
				CLANG_ENABLE_MODULES = YES;
				CLANG_ENABLE_OBJC_ARC = YES;
				CLANG_ENABLE_OBJC_WEAK = YES;
				CLANG_WARN_BLOCK_CAPTURE_AUTORELEASING = YES;
				CLANG_WARN_BOOL_CONVERSION = YES;
				CLANG_WARN_COMMA = YES;
				CLANG_WARN_CONSTANT_CONVERSION = YES;
				CLANG_WARN_DEPRECATED_OBJC_IMPLEMENTATIONS = YES;
				CLANG_WARN_DIRECT_OBJC_ISA_USAGE = YES_ERROR;
				CLANG_WARN_DOCUMENTATION_COMMENTS = YES;
				CLANG_WARN_EMPTY_BODY = YES;
				CLANG_WARN_ENUM_CONVERSION = YES;
				CLANG_WARN_INFINITE_RECURSION = YES;
				CLANG_WARN_INT_CONVERSION = YES;
				CLANG_WARN_NON_LITERAL_NULL_CONVERSION = YES;
				CLANG_WARN_OBJC_IMPLICIT_RETAIN_SELF = YES;
				CLANG_WARN_OBJC_LITERAL_CONVERSION = YES;
				CLANG_WARN_OBJC_ROOT_CLASS = YES_ERROR;
				CLANG_WARN_QUOTED_INCLUDE_IN_FRAMEWORK_HEADER = YES;
				CLANG_WARN_RANGE_LOOP_ANALYSIS = YES;
				CLANG_WARN_STRICT_PROTOTYPES = YES;
				CLANG_WARN_SUSPICIOUS_MOVE = YES;
				CLANG_WARN_UNGUARDED_AVAILABILITY = YES_AGGRESSIVE;
				CLANG_WARN_UNREACHABLE_CODE = YES;
				CLANG_WARN__DUPLICATE_METHOD_MATCH = YES;
				COPY_PHASE_STRIP = NO;
				DEBUG_INFORMATION_FORMAT = dwarf;
				ENABLE_STRICT_OBJC_MSGSEND = YES;
				ENABLE_TESTABILITY = YES;
				ENABLE_USER_SCRIPT_SANDBOXING = YES;
				GCC_C_LANGUAGE_STANDARD = gnu17;
				GCC_DYNAMIC_NO_PIC = NO;
				GCC_NO_COMMON_BLOCKS = YES;
				GCC_OPTIMIZATION_LEVEL = 0;
				GCC_PREPROCESSOR_DEFINITIONS = (
					"DEBUG=1",
					"$(inherited)",
				);
				GCC_WARN_64_TO_32_BIT_CONVERSION = YES;
				GCC_WARN_ABOUT_RETURN_TYPE = YES_ERROR;
				GCC_WARN_UNDECLARED_SELECTOR = YES;
				GCC_WARN_UNINITIALIZED_AUTOS = YES_AGGRESSIVE;
				GCC_WARN_UNUSED_FUNCTION = YES;
				GCC_WARN_UNUSED_VARIABLE = YES;
				LOCALIZATION_PREFERS_STRING_CATALOGS = YES;
				MTL_ENABLE_DEBUG_INFO = INCLUDE_SOURCE;
				MTL_FAST_MATH = YES;
				ONLY_ACTIVE_ARCH = YES;
				SWIFT_ACTIVE_COMPILATION_CONDITIONS = "DEBUG $(inherited)";
				SWIFT_OPTIMIZATION_LEVEL = "-Onone";
			};
			name = Debug;
		};
		B46933E12D80A50600687709 /* Release */ = {
			isa = XCBuildConfiguration;
			buildSettings = {
				ALWAYS_SEARCH_USER_PATHS = NO;
				ASSETCATALOG_COMPILER_GENERATE_SWIFT_ASSET_SYMBOL_EXTENSIONS = YES;
				CLANG_ANALYZER_NONNULL = YES;
				CLANG_ANALYZER_NUMBER_OBJECT_CONVERSION = YES_AGGRESSIVE;
				CLANG_CXX_LANGUAGE_STANDARD = "gnu++20";
				CLANG_ENABLE_MODULES = YES;
				CLANG_ENABLE_OBJC_ARC = YES;
				CLANG_ENABLE_OBJC_WEAK = YES;
				CLANG_WARN_BLOCK_CAPTURE_AUTORELEASING = YES;
				CLANG_WARN_BOOL_CONVERSION = YES;
				CLANG_WARN_COMMA = YES;
				CLANG_WARN_CONSTANT_CONVERSION = YES;
				CLANG_WARN_DEPRECATED_OBJC_IMPLEMENTATIONS = YES;
				CLANG_WARN_DIRECT_OBJC_ISA_USAGE = YES_ERROR;
				CLANG_WARN_DOCUMENTATION_COMMENTS = YES;
				CLANG_WARN_EMPTY_BODY = YES;
				CLANG_WARN_ENUM_CONVERSION = YES;
				CLANG_WARN_INFINITE_RECURSION = YES;
				CLANG_WARN_INT_CONVERSION = YES;
				CLANG_WARN_NON_LITERAL_NULL_CONVERSION = YES;
				CLANG_WARN_OBJC_IMPLICIT_RETAIN_SELF = YES;
				CLANG_WARN_OBJC_LITERAL_CONVERSION = YES;
				CLANG_WARN_OBJC_ROOT_CLASS = YES_ERROR;
				CLANG_WARN_QUOTED_INCLUDE_IN_FRAMEWORK_HEADER = YES;
				CLANG_WARN_RANGE_LOOP_ANALYSIS = YES;
				CLANG_WARN_STRICT_PROTOTYPES = YES;
				CLANG_WARN_SUSPICIOUS_MOVE = YES;
				CLANG_WARN_UNGUARDED_AVAILABILITY = YES_AGGRESSIVE;
				CLANG_WARN_UNREACHABLE_CODE = YES;
				CLANG_WARN__DUPLICATE_METHOD_MATCH = YES;
				COPY_PHASE_STRIP = NO;
				DEBUG_INFORMATION_FORMAT = "dwarf-with-dsym";
				ENABLE_NS_ASSERTIONS = NO;
				ENABLE_STRICT_OBJC_MSGSEND = YES;
				ENABLE_USER_SCRIPT_SANDBOXING = YES;
				GCC_C_LANGUAGE_STANDARD = gnu17;
				GCC_NO_COMMON_BLOCKS = YES;
				GCC_WARN_64_TO_32_BIT_CONVERSION = YES;
				GCC_WARN_ABOUT_RETURN_TYPE = YES_ERROR;
				GCC_WARN_UNDECLARED_SELECTOR = YES;
				GCC_WARN_UNINITIALIZED_AUTOS = YES_AGGRESSIVE;
				GCC_WARN_UNUSED_FUNCTION = YES;
				GCC_WARN_UNUSED_VARIABLE = YES;
				LOCALIZATION_PREFERS_STRING_CATALOGS = YES;
				MTL_ENABLE_DEBUG_INFO = NO;
				MTL_FAST_MATH = YES;
				SWIFT_COMPILATION_MODE = wholemodule;
			};
			name = Release;
		};
		B46933E32D80A50600687709 /* Debug */ = {
			isa = XCBuildConfiguration;
			buildSettings = {
				ASSETCATALOG_COMPILER_APPICON_NAME = AppIcon;
				ASSETCATALOG_COMPILER_GLOBAL_ACCENT_COLOR_NAME = AccentColor;
				CODE_SIGN_ENTITLEMENTS = Mateo_App_examen_DINT/Mateo_App_examen_DINT.entitlements;
				CODE_SIGN_STYLE = Automatic;
				CURRENT_PROJECT_VERSION = 1;
				DEVELOPMENT_ASSET_PATHS = "\"Mateo_App_examen_DINT/Preview Content\"";
				ENABLE_PREVIEWS = YES;
				GENERATE_INFOPLIST_FILE = YES;
				"INFOPLIST_KEY_UIApplicationSceneManifest_Generation[sdk=iphoneos*]" = YES;
				"INFOPLIST_KEY_UIApplicationSceneManifest_Generation[sdk=iphonesimulator*]" = YES;
				"INFOPLIST_KEY_UIApplicationSupportsIndirectInputEvents[sdk=iphoneos*]" = YES;
				"INFOPLIST_KEY_UIApplicationSupportsIndirectInputEvents[sdk=iphonesimulator*]" = YES;
				"INFOPLIST_KEY_UILaunchScreen_Generation[sdk=iphoneos*]" = YES;
				"INFOPLIST_KEY_UILaunchScreen_Generation[sdk=iphonesimulator*]" = YES;
				"INFOPLIST_KEY_UIStatusBarStyle[sdk=iphoneos*]" = UIStatusBarStyleDefault;
				"INFOPLIST_KEY_UIStatusBarStyle[sdk=iphonesimulator*]" = UIStatusBarStyleDefault;
				INFOPLIST_KEY_UISupportedInterfaceOrientations_iPad = "UIInterfaceOrientationPortrait UIInterfaceOrientationPortraitUpsideDown UIInterfaceOrientationLandscapeLeft UIInterfaceOrientationLandscapeRight";
				INFOPLIST_KEY_UISupportedInterfaceOrientations_iPhone = "UIInterfaceOrientationPortrait UIInterfaceOrientationLandscapeLeft UIInterfaceOrientationLandscapeRight";
				IPHONEOS_DEPLOYMENT_TARGET = 17.2;
				LD_RUNPATH_SEARCH_PATHS = "@executable_path/Frameworks";
				"LD_RUNPATH_SEARCH_PATHS[sdk=macosx*]" = "@executable_path/../Frameworks";
				MACOSX_DEPLOYMENT_TARGET = 13.7;
				MARKETING_VERSION = 1.0;
				PRODUCT_BUNDLE_IDENTIFIER = "utad.Mateo-App-examen-DINT";
				PRODUCT_NAME = "$(TARGET_NAME)";
				SDKROOT = auto;
				SUPPORTED_PLATFORMS = "iphoneos iphonesimulator macosx";
				SWIFT_EMIT_LOC_STRINGS = YES;
				SWIFT_VERSION = 5.0;
				TARGETED_DEVICE_FAMILY = "1,2";
			};
			name = Debug;
		};
		B46933E42D80A50600687709 /* Release */ = {
			isa = XCBuildConfiguration;
			buildSettings = {
				ASSETCATALOG_COMPILER_APPICON_NAME = AppIcon;
				ASSETCATALOG_COMPILER_GLOBAL_ACCENT_COLOR_NAME = AccentColor;
				CODE_SIGN_ENTITLEMENTS = Mateo_App_examen_DINT/Mateo_App_examen_DINT.entitlements;
				CODE_SIGN_STYLE = Automatic;
				CURRENT_PROJECT_VERSION = 1;
				DEVELOPMENT_ASSET_PATHS = "\"Mateo_App_examen_DINT/Preview Content\"";
				ENABLE_PREVIEWS = YES;
				GENERATE_INFOPLIST_FILE = YES;
				"INFOPLIST_KEY_UIApplicationSceneManifest_Generation[sdk=iphoneos*]" = YES;
				"INFOPLIST_KEY_UIApplicationSceneManifest_Generation[sdk=iphonesimulator*]" = YES;
				"INFOPLIST_KEY_UIApplicationSupportsIndirectInputEvents[sdk=iphoneos*]" = YES;
				"INFOPLIST_KEY_UIApplicationSupportsIndirectInputEvents[sdk=iphonesimulator*]" = YES;
				"INFOPLIST_KEY_UILaunchScreen_Generation[sdk=iphoneos*]" = YES;
				"INFOPLIST_KEY_UILaunchScreen_Generation[sdk=iphonesimulator*]" = YES;
				"INFOPLIST_KEY_UIStatusBarStyle[sdk=iphoneos*]" = UIStatusBarStyleDefault;
				"INFOPLIST_KEY_UIStatusBarStyle[sdk=iphonesimulator*]" = UIStatusBarStyleDefault;
				INFOPLIST_KEY_UISupportedInterfaceOrientations_iPad = "UIInterfaceOrientationPortrait UIInterfaceOrientationPortraitUpsideDown UIInterfaceOrientationLandscapeLeft UIInterfaceOrientationLandscapeRight";
				INFOPLIST_KEY_UISupportedInterfaceOrientations_iPhone = "UIInterfaceOrientationPortrait UIInterfaceOrientationLandscapeLeft UIInterfaceOrientationLandscapeRight";
				IPHONEOS_DEPLOYMENT_TARGET = 17.2;
				LD_RUNPATH_SEARCH_PATHS = "@executable_path/Frameworks";
				"LD_RUNPATH_SEARCH_PATHS[sdk=macosx*]" = "@executable_path/../Frameworks";
				MACOSX_DEPLOYMENT_TARGET = 13.7;
				MARKETING_VERSION = 1.0;
				PRODUCT_BUNDLE_IDENTIFIER = "utad.Mateo-App-examen-DINT";
				PRODUCT_NAME = "$(TARGET_NAME)";
				SDKROOT = auto;
				SUPPORTED_PLATFORMS = "iphoneos iphonesimulator macosx";
				SWIFT_EMIT_LOC_STRINGS = YES;
				SWIFT_VERSION = 5.0;
				TARGETED_DEVICE_FAMILY = "1,2";
			};
			name = Release;
		};
		B46933E62D80A50600687709 /* Debug */ = {
			isa = XCBuildConfiguration;
			buildSettings = {
				ALWAYS_EMBED_SWIFT_STANDARD_LIBRARIES = YES;
				BUNDLE_LOADER = "$(TEST_HOST)";
				CODE_SIGN_STYLE = Automatic;
				CURRENT_PROJECT_VERSION = 1;
				GENERATE_INFOPLIST_FILE = YES;
				IPHONEOS_DEPLOYMENT_TARGET = 17.2;
				MACOSX_DEPLOYMENT_TARGET = 13.7;
				MARKETING_VERSION = 1.0;
				PRODUCT_BUNDLE_IDENTIFIER = "utad.Mateo-App-examen-DINTTests";
				PRODUCT_NAME = "$(TARGET_NAME)";
				SDKROOT = auto;
				SUPPORTED_PLATFORMS = "iphoneos iphonesimulator macosx";
				SWIFT_EMIT_LOC_STRINGS = NO;
				SWIFT_VERSION = 5.0;
				TARGETED_DEVICE_FAMILY = "1,2";
				TEST_HOST = "$(BUILT_PRODUCTS_DIR)/Mateo_App_examen_DINT.app/$(BUNDLE_EXECUTABLE_FOLDER_PATH)/Mateo_App_examen_DINT";
			};
			name = Debug;
		};
		B46933E72D80A50600687709 /* Release */ = {
			isa = XCBuildConfiguration;
			buildSettings = {
				ALWAYS_EMBED_SWIFT_STANDARD_LIBRARIES = YES;
				BUNDLE_LOADER = "$(TEST_HOST)";
				CODE_SIGN_STYLE = Automatic;
				CURRENT_PROJECT_VERSION = 1;
				GENERATE_INFOPLIST_FILE = YES;
				IPHONEOS_DEPLOYMENT_TARGET = 17.2;
				MACOSX_DEPLOYMENT_TARGET = 13.7;
				MARKETING_VERSION = 1.0;
				PRODUCT_BUNDLE_IDENTIFIER = "utad.Mateo-App-examen-DINTTests";
				PRODUCT_NAME = "$(TARGET_NAME)";
				SDKROOT = auto;
				SUPPORTED_PLATFORMS = "iphoneos iphonesimulator macosx";
				SWIFT_EMIT_LOC_STRINGS = NO;
				SWIFT_VERSION = 5.0;
				TARGETED_DEVICE_FAMILY = "1,2";
				TEST_HOST = "$(BUILT_PRODUCTS_DIR)/Mateo_App_examen_DINT.app/$(BUNDLE_EXECUTABLE_FOLDER_PATH)/Mateo_App_examen_DINT";
			};
			name = Release;
		};
		B46933E92D80A50600687709 /* Debug */ = {
			isa = XCBuildConfiguration;
			buildSettings = {
				ALWAYS_EMBED_SWIFT_STANDARD_LIBRARIES = YES;
				CODE_SIGN_STYLE = Automatic;
				CURRENT_PROJECT_VERSION = 1;
				GENERATE_INFOPLIST_FILE = YES;
				IPHONEOS_DEPLOYMENT_TARGET = 17.2;
				MACOSX_DEPLOYMENT_TARGET = 13.7;
				MARKETING_VERSION = 1.0;
				PRODUCT_BUNDLE_IDENTIFIER = "utad.Mateo-App-examen-DINTUITests";
				PRODUCT_NAME = "$(TARGET_NAME)";
				SDKROOT = auto;
				SUPPORTED_PLATFORMS = "iphoneos iphonesimulator macosx";
				SWIFT_EMIT_LOC_STRINGS = NO;
				SWIFT_VERSION = 5.0;
				TARGETED_DEVICE_FAMILY = "1,2";
				TEST_TARGET_NAME = Mateo_App_examen_DINT;
			};
			name = Debug;
		};
		B46933EA2D80A50600687709 /* Release */ = {
			isa = XCBuildConfiguration;
			buildSettings = {
				ALWAYS_EMBED_SWIFT_STANDARD_LIBRARIES = YES;
				CODE_SIGN_STYLE = Automatic;
				CURRENT_PROJECT_VERSION = 1;
				GENERATE_INFOPLIST_FILE = YES;
				IPHONEOS_DEPLOYMENT_TARGET = 17.2;
				MACOSX_DEPLOYMENT_TARGET = 13.7;
				MARKETING_VERSION = 1.0;
				PRODUCT_BUNDLE_IDENTIFIER = "utad.Mateo-App-examen-DINTUITests";
				PRODUCT_NAME = "$(TARGET_NAME)";
				SDKROOT = auto;
				SUPPORTED_PLATFORMS = "iphoneos iphonesimulator macosx";
				SWIFT_EMIT_LOC_STRINGS = NO;
				SWIFT_VERSION = 5.0;
				TARGETED_DEVICE_FAMILY = "1,2";
				TEST_TARGET_NAME = Mateo_App_examen_DINT;
			};
			name = Release;
		};
/* End XCBuildConfiguration section */

/* Begin XCConfigurationList section */
		B46933B82D80A50500687709 /* Build configuration list for PBXProject "Mateo_App_examen_DINT" */ = {
			isa = XCConfigurationList;
			buildConfigurations = (
				B46933E02D80A50600687709 /* Debug */,
				B46933E12D80A50600687709 /* Release */,
			);
			defaultConfigurationIsVisible = 0;
			defaultConfigurationName = Release;
		};
		B46933E22D80A50600687709 /* Build configuration list for PBXNativeTarget "Mateo_App_examen_DINT" */ = {
			isa = XCConfigurationList;
			buildConfigurations = (
				B46933E32D80A50600687709 /* Debug */,
				B46933E42D80A50600687709 /* Release */,
			);
			defaultConfigurationIsVisible = 0;
			defaultConfigurationName = Release;
		};
		B46933E52D80A50600687709 /* Build configuration list for PBXNativeTarget "Mateo_App_examen_DINTTests" */ = {
			isa = XCConfigurationList;
			buildConfigurations = (
				B46933E62D80A50600687709 /* Debug */,
				B46933E72D80A50600687709 /* Release */,
			);
			defaultConfigurationIsVisible = 0;
			defaultConfigurationName = Release;
		};
		B46933E82D80A50600687709 /* Build configuration list for PBXNativeTarget "Mateo_App_examen_DINTUITests" */ = {
			isa = XCConfigurationList;
			buildConfigurations = (
				B46933E92D80A50600687709 /* Debug */,
				B46933EA2D80A50600687709 /* Release */,
			);
			defaultConfigurationIsVisible = 0;
			defaultConfigurationName = Release;
		};
/* End XCConfigurationList section */
	};
	rootObject = B46933B52D80A50500687709 /* Project object */;
}
